// !$*UTF8*$!
{
	archiveVersion = 1;
	classes = {
	};
	objectVersion = 46;
	objects = {

/* Begin PBXBuildFile section */
		ED5B83E51E03D96400F28DC5 /* AppDelegate.swift in Sources */ = {isa = PBXBuildFile; fileRef = ED5B83E41E03D96400F28DC5 /* AppDelegate.swift */; };
		ED5B83E71E03D96400F28DC5 /* ViewController.swift in Sources */ = {isa = PBXBuildFile; fileRef = ED5B83E61E03D96400F28DC5 /* ViewController.swift */; };
		ED5B83EA1E03D96400F28DC5 /* Main.storyboard in Resources */ = {isa = PBXBuildFile; fileRef = ED5B83E81E03D96400F28DC5 /* Main.storyboard */; };
		ED5B83EC1E03D96400F28DC5 /* Assets.xcassets in Resources */ = {isa = PBXBuildFile; fileRef = ED5B83EB1E03D96400F28DC5 /* Assets.xcassets */; };
		ED5B83EF1E03D96400F28DC5 /* LaunchScreen.storyboard in Resources */ = {isa = PBXBuildFile; fileRef = ED5B83ED1E03D96400F28DC5 /* LaunchScreen.storyboard */; };
		ED5B83F71E03D9DB00F28DC5 /* DownloadData.swift in Sources */ = {isa = PBXBuildFile; fileRef = ED5B83F61E03D9DB00F28DC5 /* DownloadData.swift */; };
		ED5B83F91E03DCA900F28DC5 /* CustomDownLoadTask.swift in Sources */ = {isa = PBXBuildFile; fileRef = ED5B83F81E03DCA900F28DC5 /* CustomDownLoadTask.swift */; };
/* End PBXBuildFile section */

/* Begin PBXFileReference section */
		ED5B83E11E03D96400F28DC5 /* URLsessionListDemo.app */ = {isa = PBXFileReference; explicitFileType = wrapper.application; includeInIndex = 0; path = URLsessionListDemo.app; sourceTree = BUILT_PRODUCTS_DIR; };
		ED5B83E41E03D96400F28DC5 /* AppDelegate.swift */ = {isa = PBXFileReference; lastKnownFileType = sourcecode.swift; path = AppDelegate.swift; sourceTree = "<group>"; };
		ED5B83E61E03D96400F28DC5 /* ViewController.swift */ = {isa = PBXFileReference; lastKnownFileType = sourcecode.swift; path = ViewController.swift; sourceTree = "<group>"; };
		ED5B83E91E03D96400F28DC5 /* Base */ = {isa = PBXFileReference; lastKnownFileType = file.storyboard; name = Base; path = Base.lproj/Main.storyboard; sourceTree = "<group>"; };
		ED5B83EB1E03D96400F28DC5 /* Assets.xcassets */ = {isa = PBXFileReference; lastKnownFileType = folder.assetcatalog; path = Assets.xcassets; sourceTree = "<group>"; };
		ED5B83EE1E03D96400F28DC5 /* Base */ = {isa = PBXFileReference; lastKnownFileType = file.storyboard; name = Base; path = Base.lproj/LaunchScreen.storyboard; sourceTree = "<group>"; };
		ED5B83F01E03D96400F28DC5 /* Info.plist */ = {isa = PBXFileReference; lastKnownFileType = text.plist.xml; path = Info.plist; sourceTree = "<group>"; };
		ED5B83F61E03D9DB00F28DC5 /* DownloadData.swift */ = {isa = PBXFileReference; fileEncoding = 4; lastKnownFileType = sourcecode.swift; path = DownloadData.swift; sourceTree = "<group>"; };
		ED5B83F81E03DCA900F28DC5 /* CustomDownLoadTask.swift */ = {isa = PBXFileReference; fileEncoding = 4; lastKnownFileType = sourcecode.swift; path = CustomDownLoadTask.swift; sourceTree = "<group>"; };
/* End PBXFileReference section */

/* Begin PBXFrameworksBuildPhase section */
		ED5B83DE1E03D96400F28DC5 /* Frameworks */ = {
			isa = PBXFrameworksBuildPhase;
			buildActionMask = 2147483647;
			files = (
			);
			runOnlyForDeploymentPostprocessing = 0;
		};
/* End PBXFrameworksBuildPhase section */

/* Begin PBXGroup section */
		ED5B83D81E03D96300F28DC5 = {
			isa = PBXGroup;
			children = (
				ED5B83E31E03D96400F28DC5 /* URLsessionListDemo */,
				ED5B83E21E03D96400F28DC5 /* Products */,
			);
			sourceTree = "<group>";
		};
		ED5B83E21E03D96400F28DC5 /* Products */ = {
			isa = PBXGroup;
			children = (
				ED5B83E11E03D96400F28DC5 /* URLsessionListDemo.app */,
			);
			name = Products;
			sourceTree = "<group>";
		};
		ED5B83E31E03D96400F28DC5 /* URLsessionListDemo */ = {
			isa = PBXGroup;
			children = (
				ED5B83E41E03D96400F28DC5 /* AppDelegate.swift */,
				ED5B83E61E03D96400F28DC5 /* ViewController.swift */,
				ED5B83F61E03D9DB00F28DC5 /* DownloadData.swift */,
				ED5B83F81E03DCA900F28DC5 /* CustomDownLoadTask.swift */,
				ED5B83E81E03D96400F28DC5 /* Main.storyboard */,
				ED5B83EB1E03D96400F28DC5 /* Assets.xcassets */,
				ED5B83ED1E03D96400F28DC5 /* LaunchScreen.storyboard */,
				ED5B83F01E03D96400F28DC5 /* Info.plist */,
			);
			path = URLsessionListDemo;
			sourceTree = "<group>";
		};
/* End PBXGroup section */

/* Begin PBXNativeTarget section */
		ED5B83E01E03D96400F28DC5 /* URLsessionListDemo */ = {
			isa = PBXNativeTarget;
			buildConfigurationList = ED5B83F31E03D96400F28DC5 /* Build configuration list for PBXNativeTarget "URLsessionListDemo" */;
			buildPhases = (
				ED5B83DD1E03D96400F28DC5 /* Sources */,
				ED5B83DE1E03D96400F28DC5 /* Frameworks */,
				ED5B83DF1E03D96400F28DC5 /* Resources */,
			);
			buildRules = (
			);
			dependencies = (
			);
			name = URLsessionListDemo;
			productName = URLsessionListDemo;
			productReference = ED5B83E11E03D96400F28DC5 /* URLsessionListDemo.app */;
			productType = "com.apple.product-type.application";
		};
/* End PBXNativeTarget section */

/* Begin PBXProject section */
		ED5B83D91E03D96300F28DC5 /* Project object */ = {
			isa = PBXProject;
			attributes = {
				LastSwiftUpdateCheck = 0810;
				LastUpgradeCheck = 0810;
				ORGANIZATIONNAME = lotawei;
				TargetAttributes = {
					ED5B83E01E03D96400F28DC5 = {
						CreatedOnToolsVersion = 8.1;
						ProvisioningStyle = Automatic;
					};
				};
			};
			buildConfigurationList = ED5B83DC1E03D96300F28DC5 /* Build configuration list for PBXProject "URLsessionListDemo" */;
			compatibilityVersion = "Xcode 3.2";
			developmentRegion = English;
			hasScannedForEncodings = 0;
			knownRegions = (
				en,
				Base,
			);
			mainGroup = ED5B83D81E03D96300F28DC5;
			productRefGroup = ED5B83E21E03D96400F28DC5 /* Products */;
			projectDirPath = "";
			projectRoot = "";
			targets = (
				ED5B83E01E03D96400F28DC5 /* URLsessionListDemo */,
			);
		};
/* End PBXProject section */

/* Begin PBXResourcesBuildPhase section */
		ED5B83DF1E03D96400F28DC5 /* Resources */ = {
			isa = PBXResourcesBuildPhase;
			buildActionMask = 2147483647;
			files = (
				ED5B83EF1E03D96400F28DC5 /* LaunchScreen.storyboard in Resources */,
				ED5B83EC1E03D96400F28DC5 /* Assets.xcassets in Resources */,
				ED5B83EA1E03D96400F28DC5 /* Main.storyboard in Resources */,
			);
			runOnlyForDeploymentPostprocessing = 0;
		};
/* End PBXResourcesBuildPhase section */

/* Begin PBXSourcesBuildPhase section */
		ED5B83DD1E03D96400F28DC5 /* Sources */ = {
			isa = PBXSourcesBuildPhase;
			buildActionMask = 2147483647;
			files = (
				ED5B83F91E03DCA900F28DC5 /* CustomDownLoadTask.swift in Sources */,
				ED5B83E71E03D96400F28DC5 /* ViewController.swift in Sources */,
				ED5B83E51E03D96400F28DC5 /* AppDelegate.swift in Sources */,
				ED5B83F71E03D9DB00F28DC5 /* DownloadData.swift in Sources */,
			);
			runOnlyForDeploymentPostprocessing = 0;
		};
/* End PBXSourcesBuildPhase section */

/* Begin PBXVariantGroup section */
		ED5B83E81E03D96400F28DC5 /* Main.storyboard */ = {
			isa = PBXVariantGroup;
			children = (
				ED5B83E91E03D96400F28DC5 /* Base */,
			);
			name = Main.storyboard;
			sourceTree = "<group>";
		};
		ED5B83ED1E03D96400F28DC5 /* LaunchScreen.storyboard */ = {
			isa = PBXVariantGroup;
			children = (
				ED5B83EE1E03D96400F28DC5 /* Base */,
			);
			name = LaunchScreen.storyboard;
			sourceTree = "<group>";
		};
/* End PBXVariantGroup section */

/* Begin XCBuildConfiguration section */
		ED5B83F11E03D96400F28DC5 /* Debug */ = {
			isa = XCBuildConfiguration;
			buildSettings = {
				ALWAYS_SEARCH_USER_PATHS = NO;
				CLANG_ANALYZER_NONNULL = YES;
				CLANG_CXX_LANGUAGE_STANDARD = "gnu++0x";
				CLANG_CXX_LIBRARY = "libc++";
				CLANG_ENABLE_MODULES = YES;
				CLANG_ENABLE_OBJC_ARC = YES;
				CLANG_WARN_BOOL_CONVERSION = YES;
				CLANG_WARN_CONSTANT_CONVERSION = YES;
				CLANG_WARN_DIRECT_OBJC_ISA_USAGE = YES_ERROR;
				CLANG_WARN_DOCUMENTATION_COMMENTS = YES;
				CLANG_WARN_EMPTY_BODY = YES;
				CLANG_WARN_ENUM_CONVERSION = YES;
				CLANG_WARN_INFINITE_RECURSION = YES;
				CLANG_WARN_INT_CONVERSION = YES;
				CLANG_WARN_OBJC_ROOT_CLASS = YES_ERROR;
				CLANG_WARN_SUSPICIOUS_MOVES = YES;
				CLANG_WARN_UNREACHABLE_CODE = YES;
				CLANG_WARN__DUPLICATE_METHOD_MATCH = YES;
				"CODE_SIGN_IDENTITY[sdk=iphoneos*]" = "iPhone Developer";
				COPY_PHASE_STRIP = NO;
				DEBUG_INFORMATION_FORMAT = dwarf;
				ENABLE_STRICT_OBJC_MSGSEND = YES;
				ENABLE_TESTABILITY = YES;
				GCC_C_LANGUAGE_STANDARD = gnu99;
				GCC_DYNAMIC_NO_PIC = NO;
				GCC_NO_COMMON_BLOCKS = YES;
				GCC_OPTIMIZATION_LEVEL = 0;
				GCC_PREPROCESSOR_DEFINITIONS = (
					"DEBUG=1",
					"$(inherited)",
				);
				GCC_WARN_64_TO_32_BIT_CONVERSION = YES;
				GCC_WARN_ABOUT_RETURN_TYPE = YES_ERROR;
				GCC_WARN_UNDECLARED_SELECTOR = YES;
				GCC_WARN_UNINITIALIZED_AUTOS = YES_AGGRESSIVE;
				GCC_WARN_UNUSED_FUNCTION = YES;
				GCC_WARN_UNUSED_VARIABLE = YES;
				IPHONEOS_DEPLOYMENT_TARGET = 10.1;
				MTL_ENABLE_DEBUG_INFO = YES;
				ONLY_ACTIVE_ARCH = YES;
				SDKROOT = iphoneos;
				SWIFT_ACTIVE_COMPILATION_CONDITIONS = DEBUG;
				SWIFT_OPTIMIZATION_LEVEL = "-Onone";
				TARGETED_DEVICE_FAMILY = "1,2";
			};
			name = Debug;
		};
		ED5B83F21E03D96400F28DC5 /* Release */ = {
			isa = XCBuildConfiguration;
			buildSettings = {
				ALWAYS_SEARCH_USER_PATHS = NO;
				CLANG_ANALYZER_NONNULL = YES;
				CLANG_CXX_LANGUAGE_STANDARD = "gnu++0x";
				CLANG_CXX_LIBRARY = "libc++";
				CLANG_ENABLE_MODULES = YES;
				CLANG_ENABLE_OBJC_ARC = YES;
				CLANG_WARN_BOOL_CONVERSION = YES;
				CLANG_WARN_CONSTANT_CONVERSION = YES;
				CLANG_WARN_DIRECT_OBJC_ISA_USAGE = YES_ERROR;
				CLANG_WARN_DOCUMENTATION_COMMENTS = YES;
				CLANG_WARN_EMPTY_BODY = YES;
				CLANG_WARN_ENUM_CONVERSION = YES;
				CLANG_WARN_INFINITE_RECURSION = YES;
				CLANG_WARN_INT_CONVERSION = YES;
				CLANG_WARN_OBJC_ROOT_CLASS = YES_ERROR;
				CLANG_WARN_SUSPICIOUS_MOVES = YES;
				CLANG_WARN_UNREACHABLE_CODE = YES;
				CLANG_WARN__DUPLICATE_METHOD_MATCH = YES;
				"CODE_SIGN_IDENTITY[sdk=iphoneos*]" = "iPhone Developer";
				COPY_PHASE_STRIP = NO;
				DEBUG_INFORMATION_FORMAT = "dwarf-with-dsym";
				ENABLE_NS_ASSERTIONS = NO;
				ENABLE_STRICT_OBJC_MSGSEND = YES;
				GCC_C_LANGUAGE_STANDARD = gnu99;
				GCC_NO_COMMON_BLOCKS = YES;
				GCC_WARN_64_TO_32_BIT_CONVERSION = YES;
				GCC_WARN_ABOUT_RETURN_TYPE = YES_ERROR;
				GCC_WARN_UNDECLARED_SELECTOR = YES;
				GCC_WARN_UNINITIALIZED_AUTOS = YES_AGGRESSIVE;
				GCC_WARN_UNUSED_FUNCTION = YES;
				GCC_WARN_UNUSED_VARIABLE = YES;
				IPHONEOS_DEPLOYMENT_TARGET = 10.1;
				MTL_ENABLE_DEBUG_INFO = NO;
				SDKROOT = iphoneos;
				SWIFT_OPTIMIZATION_LEVEL = "-Owholemodule";
				TARGETED_DEVICE_FAMILY = "1,2";
				VALIDATE_PRODUCT = YES;
			};
			name = Release;
		};
		ED5B83F41E03D96400F28DC5 /* Debug */ = {
			isa = XCBuildConfiguration;
			buildSettings = {
				ASSETCATALOG_COMPILER_APPICON_NAME = AppIcon;
				INFOPLIST_FILE = URLsessionListDemo/Info.plist;
				LD_RUNPATH_SEARCH_PATHS = "$(inherited) @executable_path/Frameworks";
				PRODUCT_BUNDLE_IDENTIFIER = com.lotawei.cn.URLsessionListDemo;
				PRODUCT_NAME = "$(TARGET_NAME)";
				SWIFT_VERSION = 3.0;
			};
			name = Debug;
		};
		ED5B83F51E03D96400F28DC5 /* Release */ = {
			isa = XCBuildConfiguration;
			buildSettings = {
				ASSETCATALOG_COMPILER_APPICON_NAME = AppIcon;
				INFOPLIST_FILE = URLsessionListDemo/Info.plist;
				LD_RUNPATH_SEARCH_PATHS = "$(inherited) @executable_path/Frameworks";
				PRODUCT_BUNDLE_IDENTIFIER = com.lotawei.cn.URLsessionListDemo;
				PRODUCT_NAME = "$(TARGET_NAME)";
				SWIFT_VERSION = 3.0;
			};
			name = Release;
		};
/* End XCBuildConfiguration section */

/* Begin XCConfigurationList section */
		ED5B83DC1E03D96300F28DC5 /* Build configuration list for PBXProject "URLsessionListDemo" */ = {
			isa = XCConfigurationList;
			buildConfigurations = (
				ED5B83F11E03D96400F28DC5 /* Debug */,
				ED5B83F21E03D96400F28DC5 /* Release */,
			);
			defaultConfigurationIsVisible = 0;
			defaultConfigurationName = Release;
		};
		ED5B83F31E03D96400F28DC5 /* Build configuration list for PBXNativeTarget "URLsessionListDemo" */ = {
			isa = XCConfigurationList;
			buildConfigurations = (
				ED5B83F41E03D96400F28DC5 /* Debug */,
				ED5B83F51E03D96400F28DC5 /* Release */,
			);
			defaultConfigurationIsVisible = 0;
			defaultConfigurationName = Release;
		};
/* End XCConfigurationList section */
	};
	rootObject = ED5B83D91E03D96300F28DC5 /* Project object */;
}
